// !$*UTF8*$!
{
	archiveVersion = 1;
	classes = {
	};
	objectVersion = 50;
	objects = {

/* Begin PBXBuildFile section */
		E48D4FC701011B62C5C6C8B6 /* Pods_WebcashStore.framework in Frameworks */ = {isa = PBXBuildFile; fileRef = B546AC0236BBA52866C2BC7D /* Pods_WebcashStore.framework */; };
		FD62D79323D1A159007667BE /* AppDelegate.swift in Sources */ = {isa = PBXBuildFile; fileRef = FD62D79223D1A159007667BE /* AppDelegate.swift */; };
		FD62D79523D1A159007667BE /* SceneDelegate.swift in Sources */ = {isa = PBXBuildFile; fileRef = FD62D79423D1A159007667BE /* SceneDelegate.swift */; };
		FD62D79723D1A159007667BE /* ViewController.swift in Sources */ = {isa = PBXBuildFile; fileRef = FD62D79623D1A159007667BE /* ViewController.swift */; };
		FD62D79A23D1A159007667BE /* Main.storyboard in Resources */ = {isa = PBXBuildFile; fileRef = FD62D79823D1A159007667BE /* Main.storyboard */; };
		FD62D79C23D1A15A007667BE /* Assets.xcassets in Resources */ = {isa = PBXBuildFile; fileRef = FD62D79B23D1A15A007667BE /* Assets.xcassets */; };
		FD62D79F23D1A15A007667BE /* LaunchScreen.storyboard in Resources */ = {isa = PBXBuildFile; fileRef = FD62D79D23D1A15A007667BE /* LaunchScreen.storyboard */; };
/* End PBXBuildFile section */

/* Begin PBXFileReference section */
		B546AC0236BBA52866C2BC7D /* Pods_WebcashStore.framework */ = {isa = PBXFileReference; explicitFileType = wrapper.framework; includeInIndex = 0; path = Pods_WebcashStore.framework; sourceTree = BUILT_PRODUCTS_DIR; };
		F3A66C60BFFA820B8855800C /* Pods-WebcashStore.debug.xcconfig */ = {isa = PBXFileReference; includeInIndex = 1; lastKnownFileType = text.xcconfig; name = "Pods-WebcashStore.debug.xcconfig"; path = "Target Support Files/Pods-WebcashStore/Pods-WebcashStore.debug.xcconfig"; sourceTree = "<group>"; };
		FA2C170ED71B023357C29D70 /* Pods-WebcashStore.release.xcconfig */ = {isa = PBXFileReference; includeInIndex = 1; lastKnownFileType = text.xcconfig; name = "Pods-WebcashStore.release.xcconfig"; path = "Target Support Files/Pods-WebcashStore/Pods-WebcashStore.release.xcconfig"; sourceTree = "<group>"; };
		FD62D78F23D1A159007667BE /* WebcashStore.app */ = {isa = PBXFileReference; explicitFileType = wrapper.application; includeInIndex = 0; path = WebcashStore.app; sourceTree = BUILT_PRODUCTS_DIR; };
		FD62D79223D1A159007667BE /* AppDelegate.swift */ = {isa = PBXFileReference; lastKnownFileType = sourcecode.swift; path = AppDelegate.swift; sourceTree = "<group>"; };
		FD62D79423D1A159007667BE /* SceneDelegate.swift */ = {isa = PBXFileReference; lastKnownFileType = sourcecode.swift; path = SceneDelegate.swift; sourceTree = "<group>"; };
		FD62D79623D1A159007667BE /* ViewController.swift */ = {isa = PBXFileReference; lastKnownFileType = sourcecode.swift; path = ViewController.swift; sourceTree = "<group>"; };
		FD62D79923D1A159007667BE /* Base */ = {isa = PBXFileReference; lastKnownFileType = file.storyboard; name = Base; path = Base.lproj/Main.storyboard; sourceTree = "<group>"; };
		FD62D79B23D1A15A007667BE /* Assets.xcassets */ = {isa = PBXFileReference; lastKnownFileType = folder.assetcatalog; path = Assets.xcassets; sourceTree = "<group>"; };
		FD62D79E23D1A15A007667BE /* Base */ = {isa = PBXFileReference; lastKnownFileType = file.storyboard; name = Base; path = Base.lproj/LaunchScreen.storyboard; sourceTree = "<group>"; };
		FD62D7A023D1A15A007667BE /* Info.plist */ = {isa = PBXFileReference; lastKnownFileType = text.plist.xml; path = Info.plist; sourceTree = "<group>"; };
/* End PBXFileReference section */

/* Begin PBXFrameworksBuildPhase section */
		FD62D78C23D1A159007667BE /* Frameworks */ = {
			isa = PBXFrameworksBuildPhase;
			buildActionMask = 2147483647;
			files = (
				E48D4FC701011B62C5C6C8B6 /* Pods_WebcashStore.framework in Frameworks */,
			);
			runOnlyForDeploymentPostprocessing = 0;
		};
/* End PBXFrameworksBuildPhase section */

/* Begin PBXGroup section */
		7575ED54677E9F209A0A057F /* Frameworks */ = {
			isa = PBXGroup;
			children = (
				B546AC0236BBA52866C2BC7D /* Pods_WebcashStore.framework */,
			);
			name = Frameworks;
			sourceTree = "<group>";
		};
		B731F56BA660E1C83A9DFCC2 /* Pods */ = {
			isa = PBXGroup;
			children = (
				F3A66C60BFFA820B8855800C /* Pods-WebcashStore.debug.xcconfig */,
				FA2C170ED71B023357C29D70 /* Pods-WebcashStore.release.xcconfig */,
			);
			name = Pods;
			path = Pods;
			sourceTree = "<group>";
		};
		FD62D78623D1A159007667BE = {
			isa = PBXGroup;
			children = (
				FD62D79123D1A159007667BE /* WebcashStore */,
				FD62D79023D1A159007667BE /* Products */,
				B731F56BA660E1C83A9DFCC2 /* Pods */,
				7575ED54677E9F209A0A057F /* Frameworks */,
			);
			sourceTree = "<group>";
		};
		FD62D79023D1A159007667BE /* Products */ = {
			isa = PBXGroup;
			children = (
				FD62D78F23D1A159007667BE /* WebcashStore.app */,
			);
			name = Products;
			sourceTree = "<group>";
		};
		FD62D79123D1A159007667BE /* WebcashStore */ = {
			isa = PBXGroup;
			children = (
				FD62D7AD23D1A2C7007667BE /* Helper */,
				FD62D7A723D1A1A9007667BE /* Resource */,
				FD62D7A623D1A188007667BE /* AppDelegate */,
				FD62D7A823D1A297007667BE /* Application */,
			);
			path = WebcashStore;
			sourceTree = "<group>";
		};
		FD62D7A623D1A188007667BE /* AppDelegate */ = {
			isa = PBXGroup;
			children = (
				FD62D79223D1A159007667BE /* AppDelegate.swift */,
				FD62D79423D1A159007667BE /* SceneDelegate.swift */,
			);
			path = AppDelegate;
			sourceTree = "<group>";
		};
		FD62D7A723D1A1A9007667BE /* Resource */ = {
			isa = PBXGroup;
			children = (
				FD62D79B23D1A15A007667BE /* Assets.xcassets */,
				FD62D7A023D1A15A007667BE /* Info.plist */,
			);
			path = Resource;
			sourceTree = "<group>";
		};
		FD62D7A823D1A297007667BE /* Application */ = {
			isa = PBXGroup;
			children = (
				FD62D7AE23D1A2D6007667BE /* Setting */,
				FD62D7AC23D1A2BE007667BE /* Launch */,
				FD62D7AB23D1A2B0007667BE /* Intro */,
				FD62D7AA23D1A2A8007667BE /* List */,
				FD62D7A923D1A29D007667BE /* Main */,
			);
			path = Application;
			sourceTree = "<group>";
		};
		FD62D7A923D1A29D007667BE /* Main */ = {
			isa = PBXGroup;
			children = (
				FD62D79623D1A159007667BE /* ViewController.swift */,
				FD62D79823D1A159007667BE /* Main.storyboard */,
			);
			path = Main;
			sourceTree = "<group>";
		};
		FD62D7AA23D1A2A8007667BE /* List */ = {
			isa = PBXGroup;
			children = (
			);
			path = List;
			sourceTree = "<group>";
		};
		FD62D7AB23D1A2B0007667BE /* Intro */ = {
			isa = PBXGroup;
			children = (
			);
			path = Intro;
			sourceTree = "<group>";
		};
		FD62D7AC23D1A2BE007667BE /* Launch */ = {
			isa = PBXGroup;
			children = (
				FD62D79D23D1A15A007667BE /* LaunchScreen.storyboard */,
			);
			path = Launch;
			sourceTree = "<group>";
		};
		FD62D7AD23D1A2C7007667BE /* Helper */ = {
			isa = PBXGroup;
			children = (
			);
			path = Helper;
			sourceTree = "<group>";
		};
		FD62D7AE23D1A2D6007667BE /* Setting */ = {
			isa = PBXGroup;
			children = (
			);
			path = Setting;
			sourceTree = "<group>";
		};
/* End PBXGroup section */

/* Begin PBXNativeTarget section */
		FD62D78E23D1A159007667BE /* WebcashStore */ = {
			isa = PBXNativeTarget;
			buildConfigurationList = FD62D7A323D1A15A007667BE /* Build configuration list for PBXNativeTarget "WebcashStore" */;
			buildPhases = (
				CCF766C14559176DEF37FE48 /* [CP] Check Pods Manifest.lock */,
				FD62D78B23D1A159007667BE /* Sources */,
				FD62D78C23D1A159007667BE /* Frameworks */,
				FD62D78D23D1A159007667BE /* Resources */,
				C8935CF0DD6624499262C9B3 /* [CP] Embed Pods Frameworks */,
			);
			buildRules = (
			);
			dependencies = (
			);
			name = WebcashStore;
			productName = WebcashStore;
			productReference = FD62D78F23D1A159007667BE /* WebcashStore.app */;
			productType = "com.apple.product-type.application";
		};
/* End PBXNativeTarget section */

/* Begin PBXProject section */
		FD62D78723D1A159007667BE /* Project object */ = {
			isa = PBXProject;
			attributes = {
				LastSwiftUpdateCheck = 1130;
				LastUpgradeCheck = 1130;
				ORGANIZATIONNAME = Webcash;
				TargetAttributes = {
					FD62D78E23D1A159007667BE = {
						CreatedOnToolsVersion = 11.3.1;
					};
				};
			};
			buildConfigurationList = FD62D78A23D1A159007667BE /* Build configuration list for PBXProject "WebcashStore" */;
			compatibilityVersion = "Xcode 9.3";
			developmentRegion = en;
			hasScannedForEncodings = 0;
			knownRegions = (
				en,
				Base,
			);
			mainGroup = FD62D78623D1A159007667BE;
			productRefGroup = FD62D79023D1A159007667BE /* Products */;
			projectDirPath = "";
			projectRoot = "";
			targets = (
				FD62D78E23D1A159007667BE /* WebcashStore */,
			);
		};
/* End PBXProject section */

/* Begin PBXResourcesBuildPhase section */
		FD62D78D23D1A159007667BE /* Resources */ = {
			isa = PBXResourcesBuildPhase;
			buildActionMask = 2147483647;
			files = (
				FD62D79F23D1A15A007667BE /* LaunchScreen.storyboard in Resources */,
				FD62D79C23D1A15A007667BE /* Assets.xcassets in Resources */,
				FD62D79A23D1A159007667BE /* Main.storyboard in Resources */,
			);
			runOnlyForDeploymentPostprocessing = 0;
		};
/* End PBXResourcesBuildPhase section */

/* Begin PBXShellScriptBuildPhase section */
		C8935CF0DD6624499262C9B3 /* [CP] Embed Pods Frameworks */ = {
			isa = PBXShellScriptBuildPhase;
			buildActionMask = 2147483647;
			files = (
			);
			inputFileListPaths = (
				"${PODS_ROOT}/Target Support Files/Pods-WebcashStore/Pods-WebcashStore-frameworks-${CONFIGURATION}-input-files.xcfilelist",
			);
			name = "[CP] Embed Pods Frameworks";
			outputFileListPaths = (
				"${PODS_ROOT}/Target Support Files/Pods-WebcashStore/Pods-WebcashStore-frameworks-${CONFIGURATION}-output-files.xcfilelist",
			);
			runOnlyForDeploymentPostprocessing = 0;
			shellPath = /bin/sh;
			shellScript = "\"${PODS_ROOT}/Target Support Files/Pods-WebcashStore/Pods-WebcashStore-frameworks.sh\"\n";
			showEnvVarsInLog = 0;
		};
		CCF766C14559176DEF37FE48 /* [CP] Check Pods Manifest.lock */ = {
			isa = PBXShellScriptBuildPhase;
			buildActionMask = 2147483647;
			files = (
			);
			inputFileListPaths = (
			);
			inputPaths = (
				"${PODS_PODFILE_DIR_PATH}/Podfile.lock",
				"${PODS_ROOT}/Manifest.lock",
			);
			name = "[CP] Check Pods Manifest.lock";
			outputFileListPaths = (
			);
			outputPaths = (
				"$(DERIVED_FILE_DIR)/Pods-WebcashStore-checkManifestLockResult.txt",
			);
			runOnlyForDeploymentPostprocessing = 0;
			shellPath = /bin/sh;
			shellScript = "diff \"${PODS_PODFILE_DIR_PATH}/Podfile.lock\" \"${PODS_ROOT}/Manifest.lock\" > /dev/null\nif [ $? != 0 ] ; then\n    # print error to STDERR\n    echo \"error: The sandbox is not in sync with the Podfile.lock. Run 'pod install' or update your CocoaPods installation.\" >&2\n    exit 1\nfi\n# This output is used by Xcode 'outputs' to avoid re-running this script phase.\necho \"SUCCESS\" > \"${SCRIPT_OUTPUT_FILE_0}\"\n";
			showEnvVarsInLog = 0;
		};
/* End PBXShellScriptBuildPhase section */

/* Begin PBXSourcesBuildPhase section */
		FD62D78B23D1A159007667BE /* Sources */ = {
			isa = PBXSourcesBuildPhase;
			buildActionMask = 2147483647;
			files = (
				FD62D79723D1A159007667BE /* ViewController.swift in Sources */,
				FD62D79323D1A159007667BE /* AppDelegate.swift in Sources */,
				FD62D79523D1A159007667BE /* SceneDelegate.swift in Sources */,
			);
			runOnlyForDeploymentPostprocessing = 0;
		};
/* End PBXSourcesBuildPhase section */

/* Begin PBXVariantGroup section */
		FD62D79823D1A159007667BE /* Main.storyboard */ = {
			isa = PBXVariantGroup;
			children = (
				FD62D79923D1A159007667BE /* Base */,
			);
			name = Main.storyboard;
			sourceTree = "<group>";
		};
		FD62D79D23D1A15A007667BE /* LaunchScreen.storyboard */ = {
			isa = PBXVariantGroup;
			children = (
				FD62D79E23D1A15A007667BE /* Base */,
			);
			name = LaunchScreen.storyboard;
			sourceTree = "<group>";
		};
/* End PBXVariantGroup section */

/* Begin XCBuildConfiguration section */
		FD62D7A123D1A15A007667BE /* Debug */ = {
			isa = XCBuildConfiguration;
			buildSettings = {
				ALWAYS_SEARCH_USER_PATHS = NO;
				CLANG_ANALYZER_NONNULL = YES;
				CLANG_ANALYZER_NUMBER_OBJECT_CONVERSION = YES_AGGRESSIVE;
				CLANG_CXX_LANGUAGE_STANDARD = "gnu++14";
				CLANG_CXX_LIBRARY = "libc++";
				CLANG_ENABLE_MODULES = YES;
				CLANG_ENABLE_OBJC_ARC = YES;
				CLANG_ENABLE_OBJC_WEAK = YES;
				CLANG_WARN_BLOCK_CAPTURE_AUTORELEASING = YES;
				CLANG_WARN_BOOL_CONVERSION = YES;
				CLANG_WARN_COMMA = YES;
				CLANG_WARN_CONSTANT_CONVERSION = YES;
				CLANG_WARN_DEPRECATED_OBJC_IMPLEMENTATIONS = YES;
				CLANG_WARN_DIRECT_OBJC_ISA_USAGE = YES_ERROR;
				CLANG_WARN_DOCUMENTATION_COMMENTS = YES;
				CLANG_WARN_EMPTY_BODY = YES;
				CLANG_WARN_ENUM_CONVERSION = YES;
				CLANG_WARN_INFINITE_RECURSION = YES;
				CLANG_WARN_INT_CONVERSION = YES;
				CLANG_WARN_NON_LITERAL_NULL_CONVERSION = YES;
				CLANG_WARN_OBJC_IMPLICIT_RETAIN_SELF = YES;
				CLANG_WARN_OBJC_LITERAL_CONVERSION = YES;
				CLANG_WARN_OBJC_ROOT_CLASS = YES_ERROR;
				CLANG_WARN_RANGE_LOOP_ANALYSIS = YES;
				CLANG_WARN_STRICT_PROTOTYPES = YES;
				CLANG_WARN_SUSPICIOUS_MOVE = YES;
				CLANG_WARN_UNGUARDED_AVAILABILITY = YES_AGGRESSIVE;
				CLANG_WARN_UNREACHABLE_CODE = YES;
				CLANG_WARN__DUPLICATE_METHOD_MATCH = YES;
				COPY_PHASE_STRIP = NO;
				DEBUG_INFORMATION_FORMAT = dwarf;
				ENABLE_STRICT_OBJC_MSGSEND = YES;
				ENABLE_TESTABILITY = YES;
				GCC_C_LANGUAGE_STANDARD = gnu11;
				GCC_DYNAMIC_NO_PIC = NO;
				GCC_NO_COMMON_BLOCKS = YES;
				GCC_OPTIMIZATION_LEVEL = 0;
				GCC_PREPROCESSOR_DEFINITIONS = (
					"DEBUG=1",
					"$(inherited)",
				);
				GCC_WARN_64_TO_32_BIT_CONVERSION = YES;
				GCC_WARN_ABOUT_RETURN_TYPE = YES_ERROR;
				GCC_WARN_UNDECLARED_SELECTOR = YES;
				GCC_WARN_UNINITIALIZED_AUTOS = YES_AGGRESSIVE;
				GCC_WARN_UNUSED_FUNCTION = YES;
				GCC_WARN_UNUSED_VARIABLE = YES;
				IPHONEOS_DEPLOYMENT_TARGET = 13.2;
				MTL_ENABLE_DEBUG_INFO = INCLUDE_SOURCE;
				MTL_FAST_MATH = YES;
				ONLY_ACTIVE_ARCH = YES;
				SDKROOT = iphoneos;
				SWIFT_ACTIVE_COMPILATION_CONDITIONS = DEBUG;
				SWIFT_OPTIMIZATION_LEVEL = "-Onone";
			};
			name = Debug;
		};
		FD62D7A223D1A15A007667BE /* Release */ = {
			isa = XCBuildConfiguration;
			buildSettings = {
				ALWAYS_SEARCH_USER_PATHS = NO;
				CLANG_ANALYZER_NONNULL = YES;
				CLANG_ANALYZER_NUMBER_OBJECT_CONVERSION = YES_AGGRESSIVE;
				CLANG_CXX_LANGUAGE_STANDARD = "gnu++14";
				CLANG_CXX_LIBRARY = "libc++";
				CLANG_ENABLE_MODULES = YES;
				CLANG_ENABLE_OBJC_ARC = YES;
				CLANG_ENABLE_OBJC_WEAK = YES;
				CLANG_WARN_BLOCK_CAPTURE_AUTORELEASING = YES;
				CLANG_WARN_BOOL_CONVERSION = YES;
				CLANG_WARN_COMMA = YES;
				CLANG_WARN_CONSTANT_CONVERSION = YES;
				CLANG_WARN_DEPRECATED_OBJC_IMPLEMENTATIONS = YES;
				CLANG_WARN_DIRECT_OBJC_ISA_USAGE = YES_ERROR;
				CLANG_WARN_DOCUMENTATION_COMMENTS = YES;
				CLANG_WARN_EMPTY_BODY = YES;
				CLANG_WARN_ENUM_CONVERSION = YES;
				CLANG_WARN_INFINITE_RECURSION = YES;
				CLANG_WARN_INT_CONVERSION = YES;
				CLANG_WARN_NON_LITERAL_NULL_CONVERSION = YES;
				CLANG_WARN_OBJC_IMPLICIT_RETAIN_SELF = YES;
				CLANG_WARN_OBJC_LITERAL_CONVERSION = YES;
				CLANG_WARN_OBJC_ROOT_CLASS = YES_ERROR;
				CLANG_WARN_RANGE_LOOP_ANALYSIS = YES;
				CLANG_WARN_STRICT_PROTOTYPES = YES;
				CLANG_WARN_SUSPICIOUS_MOVE = YES;
				CLANG_WARN_UNGUARDED_AVAILABILITY = YES_AGGRESSIVE;
				CLANG_WARN_UNREACHABLE_CODE = YES;
				CLANG_WARN__DUPLICATE_METHOD_MATCH = YES;
				COPY_PHASE_STRIP = NO;
				DEBUG_INFORMATION_FORMAT = "dwarf-with-dsym";
				ENABLE_NS_ASSERTIONS = NO;
				ENABLE_STRICT_OBJC_MSGSEND = YES;
				GCC_C_LANGUAGE_STANDARD = gnu11;
				GCC_NO_COMMON_BLOCKS = YES;
				GCC_WARN_64_TO_32_BIT_CONVERSION = YES;
				GCC_WARN_ABOUT_RETURN_TYPE = YES_ERROR;
				GCC_WARN_UNDECLARED_SELECTOR = YES;
				GCC_WARN_UNINITIALIZED_AUTOS = YES_AGGRESSIVE;
				GCC_WARN_UNUSED_FUNCTION = YES;
				GCC_WARN_UNUSED_VARIABLE = YES;
				IPHONEOS_DEPLOYMENT_TARGET = 13.2;
				MTL_ENABLE_DEBUG_INFO = NO;
				MTL_FAST_MATH = YES;
				SDKROOT = iphoneos;
				SWIFT_COMPILATION_MODE = wholemodule;
				SWIFT_OPTIMIZATION_LEVEL = "-O";
				VALIDATE_PRODUCT = YES;
			};
			name = Release;
		};
		FD62D7A423D1A15A007667BE /* Debug */ = {
			isa = XCBuildConfiguration;
			baseConfigurationReference = F3A66C60BFFA820B8855800C /* Pods-WebcashStore.debug.xcconfig */;
			buildSettings = {
				ASSETCATALOG_COMPILER_APPICON_NAME = AppIcon;
				CODE_SIGN_STYLE = Automatic;
				CURRENT_PROJECT_VERSION = 1.0.0;
				DEVELOPMENT_TEAM = YXK57W277A;
				INFOPLIST_FILE = WebcashStore/Resource/Info.plist;
				IPHONEOS_DEPLOYMENT_TARGET = 10.0;
				LD_RUNPATH_SEARCH_PATHS = (
					"$(inherited)",
					"@executable_path/Frameworks",
				);
				MARKETING_VERSION = 1.0.0;
				PRODUCT_BUNDLE_IDENTIFIER = com.webcash.WebcashStore;
				PRODUCT_NAME = "$(TARGET_NAME)";
				SWIFT_VERSION = 5.0;
				TARGETED_DEVICE_FAMILY = 1;
			};
			name = Debug;
		};
		FD62D7A523D1A15A007667BE /* Release */ = {
			isa = XCBuildConfiguration;
			baseConfigurationReference = FA2C170ED71B023357C29D70 /* Pods-WebcashStore.release.xcconfig */;
			buildSettings = {
				ASSETCATALOG_COMPILER_APPICON_NAME = AppIcon;
				CODE_SIGN_STYLE = Automatic;
				CURRENT_PROJECT_VERSION = 1.0.0;
				DEVELOPMENT_TEAM = YXK57W277A;
				INFOPLIST_FILE = WebcashStore/Resource/Info.plist;
				IPHONEOS_DEPLOYMENT_TARGET = 10.0;
				LD_RUNPATH_SEARCH_PATHS = (
					"$(inherited)",
					"@executable_path/Frameworks",
				);
				MARKETING_VERSION = 1.0.0;
				PRODUCT_BUNDLE_IDENTIFIER = com.webcash.WebcashStore;
				PRODUCT_NAME = "$(TARGET_NAME)";
				SWIFT_VERSION = 5.0;
				TARGETED_DEVICE_FAMILY = 1;
			};
			name = Release;
		};
/* End XCBuildConfiguration section */

/* Begin XCConfigurationList section */
		FD62D78A23D1A159007667BE /* Build configuration list for PBXProject "WebcashStore" */ = {
			isa = XCConfigurationList;
			buildConfigurations = (
				FD62D7A123D1A15A007667BE /* Debug */,
				FD62D7A223D1A15A007667BE /* Release */,
			);
			defaultConfigurationIsVisible = 0;
			defaultConfigurationName = Release;
		};
		FD62D7A323D1A15A007667BE /* Build configuration list for PBXNativeTarget "WebcashStore" */ = {
			isa = XCConfigurationList;
			buildConfigurations = (
				FD62D7A423D1A15A007667BE /* Debug */,
				FD62D7A523D1A15A007667BE /* Release */,
			);
			defaultConfigurationIsVisible = 0;
			defaultConfigurationName = Release;
		};
/* End XCConfigurationList section */
	};
	rootObject = FD62D78723D1A159007667BE /* Project object */;
}
