// !$*UTF8*$!
{
	archiveVersion = 1;
	classes = {
	};
	objectVersion = 51;
	objects = {

/* Begin PBXBuildFile section */
		76CDE78A23D6B3520025C9F3 /* LaunchScreen.storyboard in Resources */ = {isa = PBXBuildFile; fileRef = 76CDE78323D6B3520025C9F3 /* LaunchScreen.storyboard */; };
		76CDE78B23D6B3520025C9F3 /* SideMenuViewController.swift in Sources */ = {isa = PBXBuildFile; fileRef = 76CDE78623D6B3520025C9F3 /* SideMenuViewController.swift */; };
		76CDE78C23D6B3520025C9F3 /* SideMenu.storyboard in Resources */ = {isa = PBXBuildFile; fileRef = 76CDE78723D6B3520025C9F3 /* SideMenu.storyboard */; };
		76CDE78D23D6B3520025C9F3 /* SideMenuCustomCell.swift in Sources */ = {isa = PBXBuildFile; fileRef = 76CDE78923D6B3520025C9F3 /* SideMenuCustomCell.swift */; };
		76CDE78F23D6B3960025C9F3 /* MainListCustomCell.swift in Sources */ = {isa = PBXBuildFile; fileRef = 76CDE78E23D6B3960025C9F3 /* MainListCustomCell.swift */; };
		E48D4FC701011B62C5C6C8B6 /* Pods_WebcashStore.framework in Frameworks */ = {isa = PBXBuildFile; fileRef = B546AC0236BBA52866C2BC7D /* Pods_WebcashStore.framework */; };
		FD01BC2E23D6E17F00A26FD8 /* UITextField.swift in Sources */ = {isa = PBXBuildFile; fileRef = FD01BC2D23D6E17F00A26FD8 /* UITextField.swift */; };
		FD01BC3223D6E5C600A26FD8 /* Detail.storyboard in Resources */ = {isa = PBXBuildFile; fileRef = FD01BC3123D6E5C600A26FD8 /* Detail.storyboard */; };
		FD01BC3423D6E5D000A26FD8 /* DetailBottomViewController.swift in Sources */ = {isa = PBXBuildFile; fileRef = FD01BC3323D6E5D000A26FD8 /* DetailBottomViewController.swift */; };
		FD4EEFF823D810610034F6EA /* Reachability.swift in Sources */ = {isa = PBXBuildFile; fileRef = FD4EEFF723D810610034F6EA /* Reachability.swift */; };
		FD4EEFFA23D81A290034F6EA /* NetworkManager.swift in Sources */ = {isa = PBXBuildFile; fileRef = FD4EEFF923D81A290034F6EA /* NetworkManager.swift */; };
		FD4EEFFD23D822F80034F6EA /* APIManager.swift in Sources */ = {isa = PBXBuildFile; fileRef = FD4EEFFC23D822F80034F6EA /* APIManager.swift */; };
		FD62D79323D1A159007667BE /* AppDelegate.swift in Sources */ = {isa = PBXBuildFile; fileRef = FD62D79223D1A159007667BE /* AppDelegate.swift */; };
		FD62D79523D1A159007667BE /* SceneDelegate.swift in Sources */ = {isa = PBXBuildFile; fileRef = FD62D79423D1A159007667BE /* SceneDelegate.swift */; };
		FD62D79C23D1A15A007667BE /* Assets.xcassets in Resources */ = {isa = PBXBuildFile; fileRef = FD62D79B23D1A15A007667BE /* Assets.xcassets */; };
		FDC5EAD723D952950081B795 /* Date.swift in Sources */ = {isa = PBXBuildFile; fileRef = FDC5EAD623D952950081B795 /* Date.swift */; };
		FDC5EAD923D958F70081B795 /* DetailBottomViewModel.swift in Sources */ = {isa = PBXBuildFile; fileRef = FDC5EAD823D958F70081B795 /* DetailBottomViewModel.swift */; };
		FDDB61EF23D6AE14003D8919 /* Constant.swift in Sources */ = {isa = PBXBuildFile; fileRef = FDDB61CB23D6AE14003D8919 /* Constant.swift */; };
		FDDB61F023D6AE14003D8919 /* Share.swift in Sources */ = {isa = PBXBuildFile; fileRef = FDDB61CC23D6AE14003D8919 /* Share.swift */; };
		FDDB61F123D6AE14003D8919 /* UIView.swift in Sources */ = {isa = PBXBuildFile; fileRef = FDDB61CF23D6AE14003D8919 /* UIView.swift */; };
		FDDB61F223D6AE14003D8919 /* Data.swift in Sources */ = {isa = PBXBuildFile; fileRef = FDDB61D023D6AE14003D8919 /* Data.swift */; };
		FDDB61F323D6AE14003D8919 /* UIColor.swift in Sources */ = {isa = PBXBuildFile; fileRef = FDDB61D123D6AE14003D8919 /* UIColor.swift */; };
		FDDB61F423D6AE14003D8919 /* Encodable.swift in Sources */ = {isa = PBXBuildFile; fileRef = FDDB61D223D6AE14003D8919 /* Encodable.swift */; };
		FDDB61F523D6AE14003D8919 /* UIDevice.swift in Sources */ = {isa = PBXBuildFile; fileRef = FDDB61D323D6AE14003D8919 /* UIDevice.swift */; };
		FDDB61F623D6AE14003D8919 /* String.swift in Sources */ = {isa = PBXBuildFile; fileRef = FDDB61D423D6AE14003D8919 /* String.swift */; };
		FDDB61F723D6AE14003D8919 /* UIImage.swift in Sources */ = {isa = PBXBuildFile; fileRef = FDDB61D523D6AE14003D8919 /* UIImage.swift */; };
		FDDB61F823D6AE14003D8919 /* UIViewController.swift in Sources */ = {isa = PBXBuildFile; fileRef = FDDB61D623D6AE14003D8919 /* UIViewController.swift */; };
		FDDB61F923D6AE14003D8919 /* UINavigationBar.swift in Sources */ = {isa = PBXBuildFile; fileRef = FDDB61D723D6AE14003D8919 /* UINavigationBar.swift */; };
		FDDB61FA23D6AE14003D8919 /* UIWindow.swift in Sources */ = {isa = PBXBuildFile; fileRef = FDDB61D823D6AE14003D8919 /* UIWindow.swift */; };
		FDDB61FB23D6AE14003D8919 /* UIImageView.swift in Sources */ = {isa = PBXBuildFile; fileRef = FDDB61D923D6AE14003D8919 /* UIImageView.swift */; };
		FDDB61FC23D6AE14003D8919 /* DynamicSizeClass.swift in Sources */ = {isa = PBXBuildFile; fileRef = FDDB61DB23D6AE14003D8919 /* DynamicSizeClass.swift */; };
		FDDB61FD23D6AE14003D8919 /* BluetoothPermissionManager.swift in Sources */ = {isa = PBXBuildFile; fileRef = FDDB61DD23D6AE14003D8919 /* BluetoothPermissionManager.swift */; };
		FDDB61FE23D6AE14003D8919 /* PermissionManager.swift in Sources */ = {isa = PBXBuildFile; fileRef = FDDB61DE23D6AE14003D8919 /* PermissionManager.swift */; };
		FDDB61FF23D6AE14003D8919 /* NSString+url.m in Sources */ = {isa = PBXBuildFile; fileRef = FDDB61E123D6AE14003D8919 /* NSString+url.m */; };
		FDDB620023D6AE14003D8919 /* NSString+Crypto.m in Sources */ = {isa = PBXBuildFile; fileRef = FDDB61E523D6AE14003D8919 /* NSString+Crypto.m */; };
		FDDB620123D6AE14003D8919 /* NSString+AESCrypt.m in Sources */ = {isa = PBXBuildFile; fileRef = FDDB61E623D6AE14003D8919 /* NSString+AESCrypt.m */; };
		FDDB620223D6AE14003D8919 /* NSData+AESCrypt.m in Sources */ = {isa = PBXBuildFile; fileRef = FDDB61E723D6AE14003D8919 /* NSData+AESCrypt.m */; };
		FDDB620323D6AE14003D8919 /* AES256Encryption.m in Sources */ = {isa = PBXBuildFile; fileRef = FDDB61EA23D6AE14003D8919 /* AES256Encryption.m */; };
		FDDB620423D6AE14003D8919 /* Enum.swift in Sources */ = {isa = PBXBuildFile; fileRef = FDDB61EB23D6AE14003D8919 /* Enum.swift */; };
		FDDB620523D6AE14003D8919 /* Log.swift in Sources */ = {isa = PBXBuildFile; fileRef = FDDB61ED23D6AE14003D8919 /* Log.swift */; };
		FDDB620623D6AE14003D8919 /* Pulsator.swift in Sources */ = {isa = PBXBuildFile; fileRef = FDDB61EE23D6AE14003D8919 /* Pulsator.swift */; };
		FDDB620A23D6AE1E003D8919 /* DataAccess.swift in Sources */ = {isa = PBXBuildFile; fileRef = FDDB620823D6AE1E003D8919 /* DataAccess.swift */; };
		FDDB620B23D6AE1E003D8919 /* Response.swift in Sources */ = {isa = PBXBuildFile; fileRef = FDDB620923D6AE1E003D8919 /* Response.swift */; };
		FDDB626F23D6B1A8003D8919 /* IntroViewController.swift in Sources */ = {isa = PBXBuildFile; fileRef = FDDB624F23D6B1A8003D8919 /* IntroViewController.swift */; };
		FDDB627023D6B1A8003D8919 /* Intro.storyboard in Resources */ = {isa = PBXBuildFile; fileRef = FDDB625023D6B1A8003D8919 /* Intro.storyboard */; };
		FDDB627123D6B1A8003D8919 /* IntroViewModel.swift in Sources */ = {isa = PBXBuildFile; fileRef = FDDB625123D6B1A8003D8919 /* IntroViewModel.swift */; };
		FDDB627323D6B1A8003D8919 /* VoicePopup.storyboard in Resources */ = {isa = PBXBuildFile; fileRef = FDDB625723D6B1A8003D8919 /* VoicePopup.storyboard */; };
		FDDB627423D6B1A8003D8919 /* VoicePopupViewController.swift in Sources */ = {isa = PBXBuildFile; fileRef = FDDB625823D6B1A8003D8919 /* VoicePopupViewController.swift */; };
		FDDB627523D6B1A8003D8919 /* Filter.storyboard in Resources */ = {isa = PBXBuildFile; fileRef = FDDB625A23D6B1A8003D8919 /* Filter.storyboard */; };
		FDDB627623D6B1A8003D8919 /* FilterViewController.swift in Sources */ = {isa = PBXBuildFile; fileRef = FDDB625B23D6B1A8003D8919 /* FilterViewController.swift */; };
		FDDB627723D6B1A8003D8919 /* Loading.swift in Sources */ = {isa = PBXBuildFile; fileRef = FDDB625D23D6B1A8003D8919 /* Loading.swift */; };
		FDDB627B23D6B1A8003D8919 /* RootViewController.swift in Sources */ = {isa = PBXBuildFile; fileRef = FDDB626423D6B1A8003D8919 /* RootViewController.swift */; };
		FDDB627C23D6B1A8003D8919 /* MainViewController.swift in Sources */ = {isa = PBXBuildFile; fileRef = FDDB626523D6B1A8003D8919 /* MainViewController.swift */; };
		FDDB627D23D6B1A8003D8919 /* Main.storyboard in Resources */ = {isa = PBXBuildFile; fileRef = FDDB626623D6B1A8003D8919 /* Main.storyboard */; };
		FDDB627E23D6B1A8003D8919 /* MainViewModel.swift in Sources */ = {isa = PBXBuildFile; fileRef = FDDB626723D6B1A8003D8919 /* MainViewModel.swift */; };
		FDDB627F23D6B1A8003D8919 /* MainModel.swift in Sources */ = {isa = PBXBuildFile; fileRef = FDDB626823D6B1A8003D8919 /* MainModel.swift */; };
		FDDB628123D6B1A8003D8919 /* LoginViewModel.swift in Sources */ = {isa = PBXBuildFile; fileRef = FDDB626C23D6B1A8003D8919 /* LoginViewModel.swift */; };
		FDDB628223D6B1A8003D8919 /* LoginModel.swift in Sources */ = {isa = PBXBuildFile; fileRef = FDDB626D23D6B1A8003D8919 /* LoginModel.swift */; };
		FDDB628323D6B1A8003D8919 /* Login.storyboard in Resources */ = {isa = PBXBuildFile; fileRef = FDDB626E23D6B1A8003D8919 /* Login.storyboard */; };
/* End PBXBuildFile section */

/* Begin PBXFileReference section */
		76CDE78423D6B3520025C9F3 /* Base */ = {isa = PBXFileReference; lastKnownFileType = file.storyboard; name = Base; path = Base.lproj/LaunchScreen.storyboard; sourceTree = "<group>"; };
		76CDE78623D6B3520025C9F3 /* SideMenuViewController.swift */ = {isa = PBXFileReference; fileEncoding = 4; lastKnownFileType = sourcecode.swift; path = SideMenuViewController.swift; sourceTree = "<group>"; };
		76CDE78723D6B3520025C9F3 /* SideMenu.storyboard */ = {isa = PBXFileReference; fileEncoding = 4; lastKnownFileType = file.storyboard; path = SideMenu.storyboard; sourceTree = "<group>"; };
		76CDE78923D6B3520025C9F3 /* SideMenuCustomCell.swift */ = {isa = PBXFileReference; fileEncoding = 4; lastKnownFileType = sourcecode.swift; path = SideMenuCustomCell.swift; sourceTree = "<group>"; };
		76CDE78E23D6B3960025C9F3 /* MainListCustomCell.swift */ = {isa = PBXFileReference; fileEncoding = 4; lastKnownFileType = sourcecode.swift; path = MainListCustomCell.swift; sourceTree = "<group>"; };
		B546AC0236BBA52866C2BC7D /* Pods_WebcashStore.framework */ = {isa = PBXFileReference; explicitFileType = wrapper.framework; includeInIndex = 0; path = Pods_WebcashStore.framework; sourceTree = BUILT_PRODUCTS_DIR; };
		F3A66C60BFFA820B8855800C /* Pods-WebcashStore.debug.xcconfig */ = {isa = PBXFileReference; includeInIndex = 1; lastKnownFileType = text.xcconfig; name = "Pods-WebcashStore.debug.xcconfig"; path = "Target Support Files/Pods-WebcashStore/Pods-WebcashStore.debug.xcconfig"; sourceTree = "<group>"; };
		FA2C170ED71B023357C29D70 /* Pods-WebcashStore.release.xcconfig */ = {isa = PBXFileReference; includeInIndex = 1; lastKnownFileType = text.xcconfig; name = "Pods-WebcashStore.release.xcconfig"; path = "Target Support Files/Pods-WebcashStore/Pods-WebcashStore.release.xcconfig"; sourceTree = "<group>"; };
		FD01BC2D23D6E17F00A26FD8 /* UITextField.swift */ = {isa = PBXFileReference; lastKnownFileType = sourcecode.swift; path = UITextField.swift; sourceTree = "<group>"; };
		FD01BC3123D6E5C600A26FD8 /* Detail.storyboard */ = {isa = PBXFileReference; lastKnownFileType = file.storyboard; path = Detail.storyboard; sourceTree = "<group>"; };
		FD01BC3323D6E5D000A26FD8 /* DetailBottomViewController.swift */ = {isa = PBXFileReference; lastKnownFileType = sourcecode.swift; path = DetailBottomViewController.swift; sourceTree = "<group>"; };
		FD4EEFF723D810610034F6EA /* Reachability.swift */ = {isa = PBXFileReference; fileEncoding = 4; lastKnownFileType = sourcecode.swift; path = Reachability.swift; sourceTree = "<group>"; };
		FD4EEFF923D81A290034F6EA /* NetworkManager.swift */ = {isa = PBXFileReference; lastKnownFileType = sourcecode.swift; path = NetworkManager.swift; sourceTree = "<group>"; };
		FD4EEFFC23D822F80034F6EA /* APIManager.swift */ = {isa = PBXFileReference; indentWidth = 4; lastKnownFileType = sourcecode.swift; path = APIManager.swift; sourceTree = "<group>"; };
		FD62D78F23D1A159007667BE /* WebcashStore.app */ = {isa = PBXFileReference; explicitFileType = wrapper.application; includeInIndex = 0; path = WebcashStore.app; sourceTree = BUILT_PRODUCTS_DIR; };
		FD62D79223D1A159007667BE /* AppDelegate.swift */ = {isa = PBXFileReference; lastKnownFileType = sourcecode.swift; path = AppDelegate.swift; sourceTree = "<group>"; };
		FD62D79423D1A159007667BE /* SceneDelegate.swift */ = {isa = PBXFileReference; lastKnownFileType = sourcecode.swift; path = SceneDelegate.swift; sourceTree = "<group>"; };
		FD62D79B23D1A15A007667BE /* Assets.xcassets */ = {isa = PBXFileReference; lastKnownFileType = folder.assetcatalog; path = Assets.xcassets; sourceTree = "<group>"; };
		FD62D7A023D1A15A007667BE /* Info.plist */ = {isa = PBXFileReference; lastKnownFileType = text.plist.xml; path = Info.plist; sourceTree = "<group>"; };
		FDC5EAD623D952950081B795 /* Date.swift */ = {isa = PBXFileReference; lastKnownFileType = sourcecode.swift; path = Date.swift; sourceTree = "<group>"; };
		FDC5EAD823D958F70081B795 /* DetailBottomViewModel.swift */ = {isa = PBXFileReference; lastKnownFileType = sourcecode.swift; path = DetailBottomViewModel.swift; sourceTree = "<group>"; };
		FDDB61CB23D6AE14003D8919 /* Constant.swift */ = {isa = PBXFileReference; fileEncoding = 4; lastKnownFileType = sourcecode.swift; path = Constant.swift; sourceTree = "<group>"; };
		FDDB61CC23D6AE14003D8919 /* Share.swift */ = {isa = PBXFileReference; fileEncoding = 4; lastKnownFileType = sourcecode.swift; path = Share.swift; sourceTree = "<group>"; };
		FDDB61CF23D6AE14003D8919 /* UIView.swift */ = {isa = PBXFileReference; fileEncoding = 4; lastKnownFileType = sourcecode.swift; path = UIView.swift; sourceTree = "<group>"; };
		FDDB61D023D6AE14003D8919 /* Data.swift */ = {isa = PBXFileReference; fileEncoding = 4; lastKnownFileType = sourcecode.swift; path = Data.swift; sourceTree = "<group>"; };
		FDDB61D123D6AE14003D8919 /* UIColor.swift */ = {isa = PBXFileReference; fileEncoding = 4; lastKnownFileType = sourcecode.swift; path = UIColor.swift; sourceTree = "<group>"; };
		FDDB61D223D6AE14003D8919 /* Encodable.swift */ = {isa = PBXFileReference; fileEncoding = 4; lastKnownFileType = sourcecode.swift; path = Encodable.swift; sourceTree = "<group>"; };
		FDDB61D323D6AE14003D8919 /* UIDevice.swift */ = {isa = PBXFileReference; fileEncoding = 4; lastKnownFileType = sourcecode.swift; path = UIDevice.swift; sourceTree = "<group>"; };
		FDDB61D423D6AE14003D8919 /* String.swift */ = {isa = PBXFileReference; fileEncoding = 4; lastKnownFileType = sourcecode.swift; path = String.swift; sourceTree = "<group>"; };
		FDDB61D523D6AE14003D8919 /* UIImage.swift */ = {isa = PBXFileReference; fileEncoding = 4; lastKnownFileType = sourcecode.swift; path = UIImage.swift; sourceTree = "<group>"; };
		FDDB61D623D6AE14003D8919 /* UIViewController.swift */ = {isa = PBXFileReference; fileEncoding = 4; lastKnownFileType = sourcecode.swift; path = UIViewController.swift; sourceTree = "<group>"; };
		FDDB61D723D6AE14003D8919 /* UINavigationBar.swift */ = {isa = PBXFileReference; fileEncoding = 4; lastKnownFileType = sourcecode.swift; path = UINavigationBar.swift; sourceTree = "<group>"; };
		FDDB61D823D6AE14003D8919 /* UIWindow.swift */ = {isa = PBXFileReference; fileEncoding = 4; lastKnownFileType = sourcecode.swift; path = UIWindow.swift; sourceTree = "<group>"; };
		FDDB61D923D6AE14003D8919 /* UIImageView.swift */ = {isa = PBXFileReference; fileEncoding = 4; lastKnownFileType = sourcecode.swift; path = UIImageView.swift; sourceTree = "<group>"; };
		FDDB61DB23D6AE14003D8919 /* DynamicSizeClass.swift */ = {isa = PBXFileReference; fileEncoding = 4; lastKnownFileType = sourcecode.swift; path = DynamicSizeClass.swift; sourceTree = "<group>"; };
		FDDB61DD23D6AE14003D8919 /* BluetoothPermissionManager.swift */ = {isa = PBXFileReference; fileEncoding = 4; lastKnownFileType = sourcecode.swift; path = BluetoothPermissionManager.swift; sourceTree = "<group>"; };
		FDDB61DE23D6AE14003D8919 /* PermissionManager.swift */ = {isa = PBXFileReference; fileEncoding = 4; lastKnownFileType = sourcecode.swift; path = PermissionManager.swift; sourceTree = "<group>"; };
		FDDB61E123D6AE14003D8919 /* NSString+url.m */ = {isa = PBXFileReference; fileEncoding = 4; lastKnownFileType = sourcecode.c.objc; path = "NSString+url.m"; sourceTree = "<group>"; };
		FDDB61E223D6AE14003D8919 /* NSData+AESCrypt.h */ = {isa = PBXFileReference; fileEncoding = 4; lastKnownFileType = sourcecode.c.h; path = "NSData+AESCrypt.h"; sourceTree = "<group>"; };
		FDDB61E323D6AE14003D8919 /* NSString+AESCrypt.h */ = {isa = PBXFileReference; fileEncoding = 4; lastKnownFileType = sourcecode.c.h; path = "NSString+AESCrypt.h"; sourceTree = "<group>"; };
		FDDB61E423D6AE14003D8919 /* AES256Encryption.h */ = {isa = PBXFileReference; fileEncoding = 4; lastKnownFileType = sourcecode.c.h; path = AES256Encryption.h; sourceTree = "<group>"; };
		FDDB61E523D6AE14003D8919 /* NSString+Crypto.m */ = {isa = PBXFileReference; fileEncoding = 4; lastKnownFileType = sourcecode.c.objc; path = "NSString+Crypto.m"; sourceTree = "<group>"; };
		FDDB61E623D6AE14003D8919 /* NSString+AESCrypt.m */ = {isa = PBXFileReference; fileEncoding = 4; lastKnownFileType = sourcecode.c.objc; path = "NSString+AESCrypt.m"; sourceTree = "<group>"; };
		FDDB61E723D6AE14003D8919 /* NSData+AESCrypt.m */ = {isa = PBXFileReference; fileEncoding = 4; lastKnownFileType = sourcecode.c.objc; path = "NSData+AESCrypt.m"; sourceTree = "<group>"; };
		FDDB61E823D6AE14003D8919 /* NSString+url.h */ = {isa = PBXFileReference; fileEncoding = 4; lastKnownFileType = sourcecode.c.h; path = "NSString+url.h"; sourceTree = "<group>"; };
		FDDB61E923D6AE14003D8919 /* NSString+Crypto.h */ = {isa = PBXFileReference; fileEncoding = 4; lastKnownFileType = sourcecode.c.h; path = "NSString+Crypto.h"; sourceTree = "<group>"; };
		FDDB61EA23D6AE14003D8919 /* AES256Encryption.m */ = {isa = PBXFileReference; fileEncoding = 4; lastKnownFileType = sourcecode.c.objc; path = AES256Encryption.m; sourceTree = "<group>"; };
		FDDB61EB23D6AE14003D8919 /* Enum.swift */ = {isa = PBXFileReference; fileEncoding = 4; lastKnownFileType = sourcecode.swift; path = Enum.swift; sourceTree = "<group>"; };
		FDDB61ED23D6AE14003D8919 /* Log.swift */ = {isa = PBXFileReference; fileEncoding = 4; lastKnownFileType = sourcecode.swift; path = Log.swift; sourceTree = "<group>"; };
		FDDB61EE23D6AE14003D8919 /* Pulsator.swift */ = {isa = PBXFileReference; fileEncoding = 4; lastKnownFileType = sourcecode.swift; path = Pulsator.swift; sourceTree = "<group>"; };
		FDDB620823D6AE1E003D8919 /* DataAccess.swift */ = {isa = PBXFileReference; fileEncoding = 4; lastKnownFileType = sourcecode.swift; path = DataAccess.swift; sourceTree = "<group>"; };
		FDDB620923D6AE1E003D8919 /* Response.swift */ = {isa = PBXFileReference; fileEncoding = 4; lastKnownFileType = sourcecode.swift; path = Response.swift; sourceTree = "<group>"; };
		FDDB620C23D6AEAA003D8919 /* WebcashStore-Bridging-Header.h */ = {isa = PBXFileReference; lastKnownFileType = sourcecode.c.h; path = "WebcashStore-Bridging-Header.h"; sourceTree = "<group>"; };
		FDDB624F23D6B1A8003D8919 /* IntroViewController.swift */ = {isa = PBXFileReference; fileEncoding = 4; lastKnownFileType = sourcecode.swift; path = IntroViewController.swift; sourceTree = "<group>"; };
		FDDB625023D6B1A8003D8919 /* Intro.storyboard */ = {isa = PBXFileReference; fileEncoding = 4; lastKnownFileType = file.storyboard; path = Intro.storyboard; sourceTree = "<group>"; };
		FDDB625123D6B1A8003D8919 /* IntroViewModel.swift */ = {isa = PBXFileReference; fileEncoding = 4; lastKnownFileType = sourcecode.swift; path = IntroViewModel.swift; sourceTree = "<group>"; };
		FDDB625723D6B1A8003D8919 /* VoicePopup.storyboard */ = {isa = PBXFileReference; fileEncoding = 4; lastKnownFileType = file.storyboard; path = VoicePopup.storyboard; sourceTree = "<group>"; };
		FDDB625823D6B1A8003D8919 /* VoicePopupViewController.swift */ = {isa = PBXFileReference; fileEncoding = 4; lastKnownFileType = sourcecode.swift; path = VoicePopupViewController.swift; sourceTree = "<group>"; };
		FDDB625A23D6B1A8003D8919 /* Filter.storyboard */ = {isa = PBXFileReference; fileEncoding = 4; lastKnownFileType = file.storyboard; path = Filter.storyboard; sourceTree = "<group>"; };
		FDDB625B23D6B1A8003D8919 /* FilterViewController.swift */ = {isa = PBXFileReference; fileEncoding = 4; lastKnownFileType = sourcecode.swift; path = FilterViewController.swift; sourceTree = "<group>"; };
		FDDB625D23D6B1A8003D8919 /* Loading.swift */ = {isa = PBXFileReference; fileEncoding = 4; lastKnownFileType = sourcecode.swift; path = Loading.swift; sourceTree = "<group>"; };
		FDDB626423D6B1A8003D8919 /* RootViewController.swift */ = {isa = PBXFileReference; fileEncoding = 4; lastKnownFileType = sourcecode.swift; path = RootViewController.swift; sourceTree = "<group>"; };
		FDDB626523D6B1A8003D8919 /* MainViewController.swift */ = {isa = PBXFileReference; fileEncoding = 4; lastKnownFileType = sourcecode.swift; path = MainViewController.swift; sourceTree = "<group>"; };
		FDDB626623D6B1A8003D8919 /* Main.storyboard */ = {isa = PBXFileReference; fileEncoding = 4; lastKnownFileType = file.storyboard; path = Main.storyboard; sourceTree = "<group>"; };
		FDDB626723D6B1A8003D8919 /* MainViewModel.swift */ = {isa = PBXFileReference; fileEncoding = 4; lastKnownFileType = sourcecode.swift; path = MainViewModel.swift; sourceTree = "<group>"; };
		FDDB626823D6B1A8003D8919 /* MainModel.swift */ = {isa = PBXFileReference; fileEncoding = 4; lastKnownFileType = sourcecode.swift; path = MainModel.swift; sourceTree = "<group>"; };
		FDDB626C23D6B1A8003D8919 /* LoginViewModel.swift */ = {isa = PBXFileReference; fileEncoding = 4; lastKnownFileType = sourcecode.swift; path = LoginViewModel.swift; sourceTree = "<group>"; };
		FDDB626D23D6B1A8003D8919 /* LoginModel.swift */ = {isa = PBXFileReference; fileEncoding = 4; lastKnownFileType = sourcecode.swift; path = LoginModel.swift; sourceTree = "<group>"; };
		FDDB626E23D6B1A8003D8919 /* Login.storyboard */ = {isa = PBXFileReference; fileEncoding = 4; lastKnownFileType = file.storyboard; path = Login.storyboard; sourceTree = "<group>"; };
/* End PBXFileReference section */

/* Begin PBXFrameworksBuildPhase section */
		FD62D78C23D1A159007667BE /* Frameworks */ = {
			isa = PBXFrameworksBuildPhase;
			buildActionMask = 2147483647;
			files = (
				E48D4FC701011B62C5C6C8B6 /* Pods_WebcashStore.framework in Frameworks */,
			);
			runOnlyForDeploymentPostprocessing = 0;
		};
/* End PBXFrameworksBuildPhase section */

/* Begin PBXGroup section */
		7575ED54677E9F209A0A057F /* Frameworks */ = {
			isa = PBXGroup;
			children = (
				B546AC0236BBA52866C2BC7D /* Pods_WebcashStore.framework */,
			);
			name = Frameworks;
			sourceTree = "<group>";
		};
		76CDE78223D6B3520025C9F3 /* Launch */ = {
			isa = PBXGroup;
			children = (
				76CDE78323D6B3520025C9F3 /* LaunchScreen.storyboard */,
			);
			path = Launch;
			sourceTree = "<group>";
		};
		76CDE78523D6B3520025C9F3 /* SideMenu */ = {
			isa = PBXGroup;
			children = (
				76CDE78623D6B3520025C9F3 /* SideMenuViewController.swift */,
				76CDE78723D6B3520025C9F3 /* SideMenu.storyboard */,
				76CDE78823D6B3520025C9F3 /* CustomCell */,
			);
			path = SideMenu;
			sourceTree = "<group>";
		};
		76CDE78823D6B3520025C9F3 /* CustomCell */ = {
			isa = PBXGroup;
			children = (
				76CDE78923D6B3520025C9F3 /* SideMenuCustomCell.swift */,
			);
			path = CustomCell;
			sourceTree = "<group>";
		};
		B731F56BA660E1C83A9DFCC2 /* Pods */ = {
			isa = PBXGroup;
			children = (
				F3A66C60BFFA820B8855800C /* Pods-WebcashStore.debug.xcconfig */,
				FA2C170ED71B023357C29D70 /* Pods-WebcashStore.release.xcconfig */,
			);
			path = Pods;
			sourceTree = "<group>";
		};
		FD01BC2F23D6E56A00A26FD8 /* Detail */ = {
			isa = PBXGroup;
			children = (
				FD01BC3123D6E5C600A26FD8 /* Detail.storyboard */,
				FD01BC3323D6E5D000A26FD8 /* DetailBottomViewController.swift */,
				FDC5EAD823D958F70081B795 /* DetailBottomViewModel.swift */,
			);
			path = Detail;
			sourceTree = "<group>";
		};
		FD4EEFFB23D81C710034F6EA /* Networking */ = {
			isa = PBXGroup;
			children = (
				FD4EEFF723D810610034F6EA /* Reachability.swift */,
				FD4EEFF923D81A290034F6EA /* NetworkManager.swift */,
				FD4EEFFC23D822F80034F6EA /* APIManager.swift */,
			);
			path = Networking;
			sourceTree = "<group>";
		};
		FD62D78623D1A159007667BE = {
			isa = PBXGroup;
			children = (
				FD62D79123D1A159007667BE /* WebcashStore */,
				FD62D79023D1A159007667BE /* Products */,
				B731F56BA660E1C83A9DFCC2 /* Pods */,
				7575ED54677E9F209A0A057F /* Frameworks */,
			);
			sourceTree = "<group>";
		};
		FD62D79023D1A159007667BE /* Products */ = {
			isa = PBXGroup;
			children = (
				FD62D78F23D1A159007667BE /* WebcashStore.app */,
			);
			name = Products;
			sourceTree = "<group>";
		};
		FD62D79123D1A159007667BE /* WebcashStore */ = {
			isa = PBXGroup;
			children = (
				FDDB620C23D6AEAA003D8919 /* WebcashStore-Bridging-Header.h */,
				FDDB620723D6AE1E003D8919 /* Networking */,
				FD62D7AD23D1A2C7007667BE /* Helper */,
				FD62D7A723D1A1A9007667BE /* Resource */,
				FD62D7A623D1A188007667BE /* AppDelegate */,
				FD62D7A823D1A297007667BE /* Application */,
			);
			path = WebcashStore;
			sourceTree = "<group>";
		};
		FD62D7A623D1A188007667BE /* AppDelegate */ = {
			isa = PBXGroup;
			children = (
				FD62D79223D1A159007667BE /* AppDelegate.swift */,
				FD62D79423D1A159007667BE /* SceneDelegate.swift */,
			);
			path = AppDelegate;
			sourceTree = "<group>";
		};
		FD62D7A723D1A1A9007667BE /* Resource */ = {
			isa = PBXGroup;
			children = (
				FD62D79B23D1A15A007667BE /* Assets.xcassets */,
				FD62D7A023D1A15A007667BE /* Info.plist */,
			);
			path = Resource;
			sourceTree = "<group>";
		};
		FD62D7A823D1A297007667BE /* Application */ = {
			isa = PBXGroup;
			children = (
				76CDE78223D6B3520025C9F3 /* Launch */,
				76CDE78523D6B3520025C9F3 /* SideMenu */,
				FDDB625923D6B1A8003D8919 /* Filter */,
				FDDB624E23D6B1A8003D8919 /* Intro */,
				FDDB625C23D6B1A8003D8919 /* Loading */,
				FDDB626B23D6B1A8003D8919 /* Login */,
				FDDB626323D6B1A8003D8919 /* Main */,
				FD01BC2F23D6E56A00A26FD8 /* Detail */,
				FDDB625623D6B1A8003D8919 /* VoicePopup */,
			);
			path = Application;
			sourceTree = "<group>";
		};
		FD62D7AD23D1A2C7007667BE /* Helper */ = {
			isa = PBXGroup;
			children = (
				FDDB61CB23D6AE14003D8919 /* Constant.swift */,
				FDDB61EC23D6AE14003D8919 /* Custom */,
				FDDB61EE23D6AE14003D8919 /* Pulsator.swift */,
				FDDB61CC23D6AE14003D8919 /* Share.swift */,
				FDDB61EB23D6AE14003D8919 /* Enum.swift */,
				FDDB61CD23D6AE14003D8919 /* SmartLib */,
			);
			path = Helper;
			sourceTree = "<group>";
		};
		FDDB61CD23D6AE14003D8919 /* SmartLib */ = {
			isa = PBXGroup;
			children = (
				FD4EEFFB23D81C710034F6EA /* Networking */,
				FDDB61CE23D6AE14003D8919 /* Extension */,
				FDDB61DA23D6AE14003D8919 /* DynamicSizeClass */,
				FDDB61DC23D6AE14003D8919 /* Permission */,
				FDDB61DF23D6AE14003D8919 /* Objective-C */,
			);
			path = SmartLib;
			sourceTree = "<group>";
		};
		FDDB61CE23D6AE14003D8919 /* Extension */ = {
			isa = PBXGroup;
			children = (
				FDDB61CF23D6AE14003D8919 /* UIView.swift */,
				FDDB61D023D6AE14003D8919 /* Data.swift */,
				FDDB61D123D6AE14003D8919 /* UIColor.swift */,
				FDDB61D223D6AE14003D8919 /* Encodable.swift */,
				FDDB61D323D6AE14003D8919 /* UIDevice.swift */,
				FDDB61D423D6AE14003D8919 /* String.swift */,
				FDDB61D523D6AE14003D8919 /* UIImage.swift */,
				FDDB61D623D6AE14003D8919 /* UIViewController.swift */,
				FDDB61D723D6AE14003D8919 /* UINavigationBar.swift */,
				FDDB61D823D6AE14003D8919 /* UIWindow.swift */,
				FDDB61D923D6AE14003D8919 /* UIImageView.swift */,
				FD01BC2D23D6E17F00A26FD8 /* UITextField.swift */,
				FDC5EAD623D952950081B795 /* Date.swift */,
			);
			path = Extension;
			sourceTree = "<group>";
		};
		FDDB61DA23D6AE14003D8919 /* DynamicSizeClass */ = {
			isa = PBXGroup;
			children = (
				FDDB61DB23D6AE14003D8919 /* DynamicSizeClass.swift */,
			);
			path = DynamicSizeClass;
			sourceTree = "<group>";
		};
		FDDB61DC23D6AE14003D8919 /* Permission */ = {
			isa = PBXGroup;
			children = (
				FDDB61DD23D6AE14003D8919 /* BluetoothPermissionManager.swift */,
				FDDB61DE23D6AE14003D8919 /* PermissionManager.swift */,
			);
			path = Permission;
			sourceTree = "<group>";
		};
		FDDB61DF23D6AE14003D8919 /* Objective-C */ = {
			isa = PBXGroup;
			children = (
				FDDB61E023D6AE14003D8919 /* Crypto */,
			);
			path = "Objective-C";
			sourceTree = "<group>";
		};
		FDDB61E023D6AE14003D8919 /* Crypto */ = {
			isa = PBXGroup;
			children = (
				FDDB61E123D6AE14003D8919 /* NSString+url.m */,
				FDDB61E223D6AE14003D8919 /* NSData+AESCrypt.h */,
				FDDB61E323D6AE14003D8919 /* NSString+AESCrypt.h */,
				FDDB61E423D6AE14003D8919 /* AES256Encryption.h */,
				FDDB61E523D6AE14003D8919 /* NSString+Crypto.m */,
				FDDB61E623D6AE14003D8919 /* NSString+AESCrypt.m */,
				FDDB61E723D6AE14003D8919 /* NSData+AESCrypt.m */,
				FDDB61E823D6AE14003D8919 /* NSString+url.h */,
				FDDB61E923D6AE14003D8919 /* NSString+Crypto.h */,
				FDDB61EA23D6AE14003D8919 /* AES256Encryption.m */,
			);
			path = Crypto;
			sourceTree = "<group>";
		};
		FDDB61EC23D6AE14003D8919 /* Custom */ = {
			isa = PBXGroup;
			children = (
				FDDB61ED23D6AE14003D8919 /* Log.swift */,
			);
			path = Custom;
			sourceTree = "<group>";
		};
		FDDB620723D6AE1E003D8919 /* Networking */ = {
			isa = PBXGroup;
			children = (
				FDDB620823D6AE1E003D8919 /* DataAccess.swift */,
				FDDB620923D6AE1E003D8919 /* Response.swift */,
			);
			path = Networking;
			sourceTree = "<group>";
		};
		FDDB624E23D6B1A8003D8919 /* Intro */ = {
			isa = PBXGroup;
			children = (
				FDDB624F23D6B1A8003D8919 /* IntroViewController.swift */,
				FDDB625023D6B1A8003D8919 /* Intro.storyboard */,
				FDDB625123D6B1A8003D8919 /* IntroViewModel.swift */,
			);
			path = Intro;
			sourceTree = "<group>";
		};
		FDDB625623D6B1A8003D8919 /* VoicePopup */ = {
			isa = PBXGroup;
			children = (
				FDDB625723D6B1A8003D8919 /* VoicePopup.storyboard */,
				FDDB625823D6B1A8003D8919 /* VoicePopupViewController.swift */,
			);
			path = VoicePopup;
			sourceTree = "<group>";
		};
		FDDB625923D6B1A8003D8919 /* Filter */ = {
			isa = PBXGroup;
			children = (
				FDDB625A23D6B1A8003D8919 /* Filter.storyboard */,
				FDDB625B23D6B1A8003D8919 /* FilterViewController.swift */,
			);
			path = Filter;
			sourceTree = "<group>";
		};
		FDDB625C23D6B1A8003D8919 /* Loading */ = {
			isa = PBXGroup;
			children = (
				FDDB625D23D6B1A8003D8919 /* Loading.swift */,
			);
			path = Loading;
			sourceTree = "<group>";
		};
		FDDB626323D6B1A8003D8919 /* Main */ = {
			isa = PBXGroup;
			children = (
				FDDB626423D6B1A8003D8919 /* RootViewController.swift */,
				FDDB626523D6B1A8003D8919 /* MainViewController.swift */,
				FDDB626623D6B1A8003D8919 /* Main.storyboard */,
				FDDB626723D6B1A8003D8919 /* MainViewModel.swift */,
				FDDB626823D6B1A8003D8919 /* MainModel.swift */,
				FDDB626923D6B1A8003D8919 /* CustomCell */,
			);
			path = Main;
			sourceTree = "<group>";
		};
		FDDB626923D6B1A8003D8919 /* CustomCell */ = {
			isa = PBXGroup;
			children = (
				76CDE78E23D6B3960025C9F3 /* MainListCustomCell.swift */,
			);
			path = CustomCell;
			sourceTree = "<group>";
		};
		FDDB626B23D6B1A8003D8919 /* Login */ = {
			isa = PBXGroup;
			children = (
				FDDB626C23D6B1A8003D8919 /* LoginViewModel.swift */,
				FDDB626D23D6B1A8003D8919 /* LoginModel.swift */,
				FDDB626E23D6B1A8003D8919 /* Login.storyboard */,
			);
			path = Login;
			sourceTree = "<group>";
		};
/* End PBXGroup section */

/* Begin PBXNativeTarget section */
		FD62D78E23D1A159007667BE /* WebcashStore */ = {
			isa = PBXNativeTarget;
			buildConfigurationList = FD62D7A323D1A15A007667BE /* Build configuration list for PBXNativeTarget "WebcashStore" */;
			buildPhases = (
				CCF766C14559176DEF37FE48 /* [CP] Check Pods Manifest.lock */,
				FD62D78B23D1A159007667BE /* Sources */,
				FD62D78C23D1A159007667BE /* Frameworks */,
				FD62D78D23D1A159007667BE /* Resources */,
				C8935CF0DD6624499262C9B3 /* [CP] Embed Pods Frameworks */,
			);
			buildRules = (
			);
			dependencies = (
			);
			name = WebcashStore;
			productName = WebcashStore;
			productReference = FD62D78F23D1A159007667BE /* WebcashStore.app */;
			productType = "com.apple.product-type.application";
		};
/* End PBXNativeTarget section */

/* Begin PBXProject section */
		FD62D78723D1A159007667BE /* Project object */ = {
			isa = PBXProject;
			attributes = {
				LastSwiftUpdateCheck = 1130;
				LastUpgradeCheck = 1130;
				ORGANIZATIONNAME = Webcash;
				TargetAttributes = {
					FD62D78E23D1A159007667BE = {
						CreatedOnToolsVersion = 11.3.1;
					};
				};
			};
			buildConfigurationList = FD62D78A23D1A159007667BE /* Build configuration list for PBXProject "WebcashStore" */;
			compatibilityVersion = "Xcode 9.3";
			developmentRegion = en;
			hasScannedForEncodings = 0;
			knownRegions = (
				en,
				Base,
			);
			mainGroup = FD62D78623D1A159007667BE;
			productRefGroup = FD62D79023D1A159007667BE /* Products */;
			projectDirPath = "";
			projectRoot = "";
			targets = (
				FD62D78E23D1A159007667BE /* WebcashStore */,
			);
		};
/* End PBXProject section */

/* Begin PBXResourcesBuildPhase section */
		FD62D78D23D1A159007667BE /* Resources */ = {
			isa = PBXResourcesBuildPhase;
			buildActionMask = 2147483647;
			files = (
				76CDE78A23D6B3520025C9F3 /* LaunchScreen.storyboard in Resources */,
				FDDB628323D6B1A8003D8919 /* Login.storyboard in Resources */,
				FD01BC3223D6E5C600A26FD8 /* Detail.storyboard in Resources */,
				FDDB627D23D6B1A8003D8919 /* Main.storyboard in Resources */,
				FD62D79C23D1A15A007667BE /* Assets.xcassets in Resources */,
				FDDB627523D6B1A8003D8919 /* Filter.storyboard in Resources */,
				76CDE78C23D6B3520025C9F3 /* SideMenu.storyboard in Resources */,
				FDDB627323D6B1A8003D8919 /* VoicePopup.storyboard in Resources */,
				FDDB627023D6B1A8003D8919 /* Intro.storyboard in Resources */,
			);
			runOnlyForDeploymentPostprocessing = 0;
		};
/* End PBXResourcesBuildPhase section */

/* Begin PBXShellScriptBuildPhase section */
		C8935CF0DD6624499262C9B3 /* [CP] Embed Pods Frameworks */ = {
			isa = PBXShellScriptBuildPhase;
			buildActionMask = 2147483647;
			files = (
			);
			inputFileListPaths = (
				"${PODS_ROOT}/Target Support Files/Pods-WebcashStore/Pods-WebcashStore-frameworks-${CONFIGURATION}-input-files.xcfilelist",
			);
			name = "[CP] Embed Pods Frameworks";
			outputFileListPaths = (
				"${PODS_ROOT}/Target Support Files/Pods-WebcashStore/Pods-WebcashStore-frameworks-${CONFIGURATION}-output-files.xcfilelist",
			);
			runOnlyForDeploymentPostprocessing = 0;
			shellPath = /bin/sh;
			shellScript = "\"${PODS_ROOT}/Target Support Files/Pods-WebcashStore/Pods-WebcashStore-frameworks.sh\"\n";
			showEnvVarsInLog = 0;
		};
		CCF766C14559176DEF37FE48 /* [CP] Check Pods Manifest.lock */ = {
			isa = PBXShellScriptBuildPhase;
			buildActionMask = 2147483647;
			files = (
			);
			inputFileListPaths = (
			);
			inputPaths = (
				"${PODS_PODFILE_DIR_PATH}/Podfile.lock",
				"${PODS_ROOT}/Manifest.lock",
			);
			name = "[CP] Check Pods Manifest.lock";
			outputFileListPaths = (
			);
			outputPaths = (
				"$(DERIVED_FILE_DIR)/Pods-WebcashStore-checkManifestLockResult.txt",
			);
			runOnlyForDeploymentPostprocessing = 0;
			shellPath = /bin/sh;
			shellScript = "diff \"${PODS_PODFILE_DIR_PATH}/Podfile.lock\" \"${PODS_ROOT}/Manifest.lock\" > /dev/null\nif [ $? != 0 ] ; then\n    # print error to STDERR\n    echo \"error: The sandbox is not in sync with the Podfile.lock. Run 'pod install' or update your CocoaPods installation.\" >&2\n    exit 1\nfi\n# This output is used by Xcode 'outputs' to avoid re-running this script phase.\necho \"SUCCESS\" > \"${SCRIPT_OUTPUT_FILE_0}\"\n";
			showEnvVarsInLog = 0;
		};
/* End PBXShellScriptBuildPhase section */

/* Begin PBXSourcesBuildPhase section */
		FD62D78B23D1A159007667BE /* Sources */ = {
			isa = PBXSourcesBuildPhase;
			buildActionMask = 2147483647;
			files = (
				FD4EEFFA23D81A290034F6EA /* NetworkManager.swift in Sources */,
				FDDB620023D6AE14003D8919 /* NSString+Crypto.m in Sources */,
				FDDB628223D6B1A8003D8919 /* LoginModel.swift in Sources */,
				FDDB620223D6AE14003D8919 /* NSData+AESCrypt.m in Sources */,
				FDDB627B23D6B1A8003D8919 /* RootViewController.swift in Sources */,
				FDDB620523D6AE14003D8919 /* Log.swift in Sources */,
				FDDB61F723D6AE14003D8919 /* UIImage.swift in Sources */,
				FDDB628123D6B1A8003D8919 /* LoginViewModel.swift in Sources */,
				FDDB61F323D6AE14003D8919 /* UIColor.swift in Sources */,
				FDDB626F23D6B1A8003D8919 /* IntroViewController.swift in Sources */,
				FD01BC2E23D6E17F00A26FD8 /* UITextField.swift in Sources */,
				FDDB61FB23D6AE14003D8919 /* UIImageView.swift in Sources */,
				FD01BC3423D6E5D000A26FD8 /* DetailBottomViewController.swift in Sources */,
				FDDB627123D6B1A8003D8919 /* IntroViewModel.swift in Sources */,
				FDDB61EF23D6AE14003D8919 /* Constant.swift in Sources */,
				76CDE78D23D6B3520025C9F3 /* SideMenuCustomCell.swift in Sources */,
				76CDE78F23D6B3960025C9F3 /* MainListCustomCell.swift in Sources */,
				FDDB620123D6AE14003D8919 /* NSString+AESCrypt.m in Sources */,
				76CDE78B23D6B3520025C9F3 /* SideMenuViewController.swift in Sources */,
				FDC5EAD723D952950081B795 /* Date.swift in Sources */,
				FDDB61FA23D6AE14003D8919 /* UIWindow.swift in Sources */,
				FDDB627E23D6B1A8003D8919 /* MainViewModel.swift in Sources */,
				FDDB627F23D6B1A8003D8919 /* MainModel.swift in Sources */,
				FDDB627423D6B1A8003D8919 /* VoicePopupViewController.swift in Sources */,
				FDDB61F623D6AE14003D8919 /* String.swift in Sources */,
				FD4EEFF823D810610034F6EA /* Reachability.swift in Sources */,
				FDDB61F523D6AE14003D8919 /* UIDevice.swift in Sources */,
				FD62D79323D1A159007667BE /* AppDelegate.swift in Sources */,
				FDDB620623D6AE14003D8919 /* Pulsator.swift in Sources */,
				FDDB61F223D6AE14003D8919 /* Data.swift in Sources */,
				FDDB61F123D6AE14003D8919 /* UIView.swift in Sources */,
				FDDB627C23D6B1A8003D8919 /* MainViewController.swift in Sources */,
				FDDB61F023D6AE14003D8919 /* Share.swift in Sources */,
				FDDB61FE23D6AE14003D8919 /* PermissionManager.swift in Sources */,
				FDDB61F823D6AE14003D8919 /* UIViewController.swift in Sources */,
				FDDB620323D6AE14003D8919 /* AES256Encryption.m in Sources */,
				FDDB61F923D6AE14003D8919 /* UINavigationBar.swift in Sources */,
				FDDB620B23D6AE1E003D8919 /* Response.swift in Sources */,
				FDDB61FD23D6AE14003D8919 /* BluetoothPermissionManager.swift in Sources */,
				FDDB627723D6B1A8003D8919 /* Loading.swift in Sources */,
				FDDB61FF23D6AE14003D8919 /* NSString+url.m in Sources */,
				FDDB627623D6B1A8003D8919 /* FilterViewController.swift in Sources */,
				FDC5EAD923D958F70081B795 /* DetailBottomViewModel.swift in Sources */,
				FDDB61FC23D6AE14003D8919 /* DynamicSizeClass.swift in Sources */,
				FD4EEFFD23D822F80034F6EA /* APIManager.swift in Sources */,
				FD62D79523D1A159007667BE /* SceneDelegate.swift in Sources */,
				FDDB620423D6AE14003D8919 /* Enum.swift in Sources */,
				FDDB620A23D6AE1E003D8919 /* DataAccess.swift in Sources */,
				FDDB61F423D6AE14003D8919 /* Encodable.swift in Sources */,
			);
			runOnlyForDeploymentPostprocessing = 0;
		};
/* End PBXSourcesBuildPhase section */

/* Begin PBXVariantGroup section */
		76CDE78323D6B3520025C9F3 /* LaunchScreen.storyboard */ = {
			isa = PBXVariantGroup;
			children = (
				76CDE78423D6B3520025C9F3 /* Base */,
			);
			name = LaunchScreen.storyboard;
			sourceTree = "<group>";
		};
/* End PBXVariantGroup section */

/* Begin XCBuildConfiguration section */
		FD62D7A123D1A15A007667BE /* Debug */ = {
			isa = XCBuildConfiguration;
			buildSettings = {
				ALWAYS_SEARCH_USER_PATHS = NO;
				CLANG_ANALYZER_NONNULL = YES;
				CLANG_ANALYZER_NUMBER_OBJECT_CONVERSION = YES_AGGRESSIVE;
				CLANG_CXX_LANGUAGE_STANDARD = "gnu++14";
				CLANG_CXX_LIBRARY = "libc++";
				CLANG_ENABLE_MODULES = YES;
				CLANG_ENABLE_OBJC_ARC = YES;
				CLANG_ENABLE_OBJC_WEAK = YES;
				CLANG_WARN_BLOCK_CAPTURE_AUTORELEASING = YES;
				CLANG_WARN_BOOL_CONVERSION = YES;
				CLANG_WARN_COMMA = YES;
				CLANG_WARN_CONSTANT_CONVERSION = YES;
				CLANG_WARN_DEPRECATED_OBJC_IMPLEMENTATIONS = YES;
				CLANG_WARN_DIRECT_OBJC_ISA_USAGE = YES_ERROR;
				CLANG_WARN_DOCUMENTATION_COMMENTS = YES;
				CLANG_WARN_EMPTY_BODY = YES;
				CLANG_WARN_ENUM_CONVERSION = YES;
				CLANG_WARN_INFINITE_RECURSION = YES;
				CLANG_WARN_INT_CONVERSION = YES;
				CLANG_WARN_NON_LITERAL_NULL_CONVERSION = YES;
				CLANG_WARN_OBJC_IMPLICIT_RETAIN_SELF = YES;
				CLANG_WARN_OBJC_LITERAL_CONVERSION = YES;
				CLANG_WARN_OBJC_ROOT_CLASS = YES_ERROR;
				CLANG_WARN_RANGE_LOOP_ANALYSIS = YES;
				CLANG_WARN_STRICT_PROTOTYPES = YES;
				CLANG_WARN_SUSPICIOUS_MOVE = YES;
				CLANG_WARN_UNGUARDED_AVAILABILITY = YES_AGGRESSIVE;
				CLANG_WARN_UNREACHABLE_CODE = YES;
				CLANG_WARN__DUPLICATE_METHOD_MATCH = YES;
				COPY_PHASE_STRIP = NO;
				DEBUG_INFORMATION_FORMAT = dwarf;
				ENABLE_STRICT_OBJC_MSGSEND = YES;
				ENABLE_TESTABILITY = YES;
				GCC_C_LANGUAGE_STANDARD = gnu11;
				GCC_DYNAMIC_NO_PIC = NO;
				GCC_NO_COMMON_BLOCKS = YES;
				GCC_OPTIMIZATION_LEVEL = 0;
				GCC_PREPROCESSOR_DEFINITIONS = (
					"DEBUG=1",
					"$(inherited)",
				);
				GCC_WARN_64_TO_32_BIT_CONVERSION = YES;
				GCC_WARN_ABOUT_RETURN_TYPE = YES_ERROR;
				GCC_WARN_UNDECLARED_SELECTOR = YES;
				GCC_WARN_UNINITIALIZED_AUTOS = YES_AGGRESSIVE;
				GCC_WARN_UNUSED_FUNCTION = YES;
				GCC_WARN_UNUSED_VARIABLE = YES;
				IPHONEOS_DEPLOYMENT_TARGET = 13.2;
				MTL_ENABLE_DEBUG_INFO = INCLUDE_SOURCE;
				MTL_FAST_MATH = YES;
				ONLY_ACTIVE_ARCH = YES;
				SDKROOT = iphoneos;
				SWIFT_ACTIVE_COMPILATION_CONDITIONS = DEBUG;
				SWIFT_OPTIMIZATION_LEVEL = "-Onone";
			};
			name = Debug;
		};
		FD62D7A223D1A15A007667BE /* Release */ = {
			isa = XCBuildConfiguration;
			buildSettings = {
				ALWAYS_SEARCH_USER_PATHS = NO;
				CLANG_ANALYZER_NONNULL = YES;
				CLANG_ANALYZER_NUMBER_OBJECT_CONVERSION = YES_AGGRESSIVE;
				CLANG_CXX_LANGUAGE_STANDARD = "gnu++14";
				CLANG_CXX_LIBRARY = "libc++";
				CLANG_ENABLE_MODULES = YES;
				CLANG_ENABLE_OBJC_ARC = YES;
				CLANG_ENABLE_OBJC_WEAK = YES;
				CLANG_WARN_BLOCK_CAPTURE_AUTORELEASING = YES;
				CLANG_WARN_BOOL_CONVERSION = YES;
				CLANG_WARN_COMMA = YES;
				CLANG_WARN_CONSTANT_CONVERSION = YES;
				CLANG_WARN_DEPRECATED_OBJC_IMPLEMENTATIONS = YES;
				CLANG_WARN_DIRECT_OBJC_ISA_USAGE = YES_ERROR;
				CLANG_WARN_DOCUMENTATION_COMMENTS = YES;
				CLANG_WARN_EMPTY_BODY = YES;
				CLANG_WARN_ENUM_CONVERSION = YES;
				CLANG_WARN_INFINITE_RECURSION = YES;
				CLANG_WARN_INT_CONVERSION = YES;
				CLANG_WARN_NON_LITERAL_NULL_CONVERSION = YES;
				CLANG_WARN_OBJC_IMPLICIT_RETAIN_SELF = YES;
				CLANG_WARN_OBJC_LITERAL_CONVERSION = YES;
				CLANG_WARN_OBJC_ROOT_CLASS = YES_ERROR;
				CLANG_WARN_RANGE_LOOP_ANALYSIS = YES;
				CLANG_WARN_STRICT_PROTOTYPES = YES;
				CLANG_WARN_SUSPICIOUS_MOVE = YES;
				CLANG_WARN_UNGUARDED_AVAILABILITY = YES_AGGRESSIVE;
				CLANG_WARN_UNREACHABLE_CODE = YES;
				CLANG_WARN__DUPLICATE_METHOD_MATCH = YES;
				COPY_PHASE_STRIP = NO;
				DEBUG_INFORMATION_FORMAT = "dwarf-with-dsym";
				ENABLE_NS_ASSERTIONS = NO;
				ENABLE_STRICT_OBJC_MSGSEND = YES;
				GCC_C_LANGUAGE_STANDARD = gnu11;
				GCC_NO_COMMON_BLOCKS = YES;
				GCC_WARN_64_TO_32_BIT_CONVERSION = YES;
				GCC_WARN_ABOUT_RETURN_TYPE = YES_ERROR;
				GCC_WARN_UNDECLARED_SELECTOR = YES;
				GCC_WARN_UNINITIALIZED_AUTOS = YES_AGGRESSIVE;
				GCC_WARN_UNUSED_FUNCTION = YES;
				GCC_WARN_UNUSED_VARIABLE = YES;
				IPHONEOS_DEPLOYMENT_TARGET = 13.2;
				MTL_ENABLE_DEBUG_INFO = NO;
				MTL_FAST_MATH = YES;
				SDKROOT = iphoneos;
				SWIFT_COMPILATION_MODE = wholemodule;
				SWIFT_OPTIMIZATION_LEVEL = "-O";
				VALIDATE_PRODUCT = YES;
			};
			name = Release;
		};
		FD62D7A423D1A15A007667BE /* Debug */ = {
			isa = XCBuildConfiguration;
			baseConfigurationReference = F3A66C60BFFA820B8855800C /* Pods-WebcashStore.debug.xcconfig */;
			buildSettings = {
				ASSETCATALOG_COMPILER_APPICON_NAME = AppIcon;
				CODE_SIGN_STYLE = Automatic;
				CURRENT_PROJECT_VERSION = 1.0.0;
				DEVELOPMENT_TEAM = YXK57W277A;
				INFOPLIST_FILE = WebcashStore/Resource/Info.plist;
				IPHONEOS_DEPLOYMENT_TARGET = 10.0;
				LD_RUNPATH_SEARCH_PATHS = (
					"$(inherited)",
					"@executable_path/Frameworks",
				);
				MARKETING_VERSION = 1.0.0;
				PRODUCT_BUNDLE_IDENTIFIER = com.webcash.WebcashStore;
				PRODUCT_NAME = "$(TARGET_NAME)";
				SWIFT_OBJC_BRIDGING_HEADER = "WebcashStore/WebcashStore-Bridging-Header.h";
				SWIFT_VERSION = 5.0;
				TARGETED_DEVICE_FAMILY = 1;
			};
			name = Debug;
		};
		FD62D7A523D1A15A007667BE /* Release */ = {
			isa = XCBuildConfiguration;
			baseConfigurationReference = FA2C170ED71B023357C29D70 /* Pods-WebcashStore.release.xcconfig */;
			buildSettings = {
				ASSETCATALOG_COMPILER_APPICON_NAME = AppIcon;
				CODE_SIGN_STYLE = Automatic;
				CURRENT_PROJECT_VERSION = 1.0.0;
				DEVELOPMENT_TEAM = YXK57W277A;
				INFOPLIST_FILE = WebcashStore/Resource/Info.plist;
				IPHONEOS_DEPLOYMENT_TARGET = 10.0;
				LD_RUNPATH_SEARCH_PATHS = (
					"$(inherited)",
					"@executable_path/Frameworks",
				);
				MARKETING_VERSION = 1.0.0;
				PRODUCT_BUNDLE_IDENTIFIER = com.webcash.WebcashStore;
				PRODUCT_NAME = "$(TARGET_NAME)";
				SWIFT_OBJC_BRIDGING_HEADER = "WebcashStore/WebcashStore-Bridging-Header.h";
				SWIFT_VERSION = 5.0;
				TARGETED_DEVICE_FAMILY = 1;
			};
			name = Release;
		};
/* End XCBuildConfiguration section */

/* Begin XCConfigurationList section */
		FD62D78A23D1A159007667BE /* Build configuration list for PBXProject "WebcashStore" */ = {
			isa = XCConfigurationList;
			buildConfigurations = (
				FD62D7A123D1A15A007667BE /* Debug */,
				FD62D7A223D1A15A007667BE /* Release */,
			);
			defaultConfigurationIsVisible = 0;
			defaultConfigurationName = Release;
		};
		FD62D7A323D1A15A007667BE /* Build configuration list for PBXNativeTarget "WebcashStore" */ = {
			isa = XCConfigurationList;
			buildConfigurations = (
				FD62D7A423D1A15A007667BE /* Debug */,
				FD62D7A523D1A15A007667BE /* Release */,
			);
			defaultConfigurationIsVisible = 0;
			defaultConfigurationName = Release;
		};
/* End XCConfigurationList section */
	};
	rootObject = FD62D78723D1A159007667BE /* Project object */;
}
